
Microsoft Visual Studio Solution File, Format Version 12.00
# Visual Studio Version 17
VisualStudioVersion = 17.0.31903.59
MinimumVisualStudioVersion = 10.0.40219.1
Project("{2150E333-8FDC-42A3-9474-1A3956D46DE8}") = "src", "src", "{DA624339-C037-4E6B-8509-F7B5368005D9}"
EndProject
Project("{FAE04EC0-301F-11D3-BF4B-00C04F79EFBC}") = "QIM.Domain", "src\QIM.Domain\QIM.Domain.csproj", "{1A5FFB1A-1CED-494A-817A-5CD02515D5BB}"
EndProject
Project("{FAE04EC0-301F-11D3-BF4B-00C04F79EFBC}") = "QIM.Shared", "src\QIM.Shared\QIM.Shared.csproj", "{9FD2E7FD-3814-4953-AB49-D7E452CCC948}"
EndProject
Project("{FAE04EC0-301F-11D3-BF4B-00C04F79EFBC}") = "QIM.Application", "src\QIM.Application\QIM.Application.csproj", "{9EC359EE-4A0A-46FE-8FA6-9FE093C2EE4E}"
EndProject
Project("{FAE04EC0-301F-11D3-BF4B-00C04F79EFBC}") = "QIM.Infrastructure", "src\QIM.Infrastructure\QIM.Infrastructure.csproj", "{C2B2204D-0FDD-4DAA-A7AE-7542E9C5E6FB}"
EndProject
Project("{FAE04EC0-301F-11D3-BF4B-00C04F79EFBC}") = "QIM.Persistence", "src\QIM.Persistence\QIM.Persistence.csproj", "{93CBD3B7-294B-4833-88AF-A7CE7C580ED1}"
EndProject
Project("{FAE04EC0-301F-11D3-BF4B-00C04F79EFBC}") = "QIM.Presentation", "src\QIM.Presentation\QIM.Presentation.csproj", "{EBF0D2BC-B760-43DB-924A-E88E56E03F9A}"
EndProject
Project("{FAE04EC0-301F-11D3-BF4B-00C04F79EFBC}") = "QIM.WebApi", "src\QIM.WebApi\QIM.WebApi.csproj", "{7712541A-C230-4663-9AC2-FC30259380D9}"
EndProject
Project("{2150E333-8FDC-42A3-9474-1A3956D46DE8}") = "tests", "tests", "{A68114C3-F6F6-44CE-824C-B6F09DFB1320}"
EndProject
Project("{FAE04EC0-301F-11D3-BF4B-00C04F79EFBC}") = "QIM.Tests", "tests\QIM.Tests\QIM.Tests.csproj", "{DEAC3B34-130D-4390-AB16-7E3A2703284D}"
EndProject
Global
	GlobalSection(SolutionConfigurationPlatforms) = preSolution
		Debug|Any CPU = Debug|Any CPU
		Release|Any CPU = Release|Any CPU
	EndGlobalSection
	GlobalSection(SolutionProperties) = preSolution
		HideSolutionNode = FALSE
	EndGlobalSection
	GlobalSection(ProjectConfigurationPlatforms) = postSolution
		{1A5FFB1A-1CED-494A-817A-5CD02515D5BB}.Debug|Any CPU.ActiveCfg = Debug|Any CPU
		{1A5FFB1A-1CED-494A-817A-5CD02515D5BB}.Debug|Any CPU.Build.0 = Debug|Any CPU
		{1A5FFB1A-1CED-494A-817A-5CD02515D5BB}.Release|Any CPU.ActiveCfg = Release|Any CPU
		{1A5FFB1A-1CED-494A-817A-5CD02515D5BB}.Release|Any CPU.Build.0 = Release|Any CPU
		{9FD2E7FD-3814-4953-AB49-D7E452CCC948}.Debug|Any CPU.ActiveCfg = Debug|Any CPU
		{9FD2E7FD-3814-4953-AB49-D7E452CCC948}.Debug|Any CPU.Build.0 = Debug|Any CPU
		{9FD2E7FD-3814-4953-AB49-D7E452CCC948}.Release|Any CPU.ActiveCfg = Release|Any CPU
		{9FD2E7FD-3814-4953-AB49-D7E452CCC948}.Release|Any CPU.Build.0 = Release|Any CPU
		{9EC359EE-4A0A-46FE-8FA6-9FE093C2EE4E}.Debug|Any CPU.ActiveCfg = Debug|Any CPU
		{9EC359EE-4A0A-46FE-8FA6-9FE093C2EE4E}.Debug|Any CPU.Build.0 = Debug|Any CPU
		{9EC359EE-4A0A-46FE-8FA6-9FE093C2EE4E}.Release|Any CPU.ActiveCfg = Release|Any CPU
		{9EC359EE-4A0A-46FE-8FA6-9FE093C2EE4E}.Release|Any CPU.Build.0 = Release|Any CPU
		{C2B2204D-0FDD-4DAA-A7AE-7542E9C5E6FB}.Debug|Any CPU.ActiveCfg = Debug|Any CPU
		{C2B2204D-0FDD-4DAA-A7AE-7542E9C5E6FB}.Debug|Any CPU.Build.0 = Debug|Any CPU
		{C2B2204D-0FDD-4DAA-A7AE-7542E9C5E6FB}.Release|Any CPU.ActiveCfg = Release|Any CPU
		{C2B2204D-0FDD-4DAA-A7AE-7542E9C5E6FB}.Release|Any CPU.Build.0 = Release|Any CPU
		{93CBD3B7-294B-4833-88AF-A7CE7C580ED1}.Debug|Any CPU.ActiveCfg = Debug|Any CPU
		{93CBD3B7-294B-4833-88AF-A7CE7C580ED1}.Debug|Any CPU.Build.0 = Debug|Any CPU
		{93CBD3B7-294B-4833-88AF-A7CE7C580ED1}.Release|Any CPU.ActiveCfg = Release|Any CPU
		{93CBD3B7-294B-4833-88AF-A7CE7C580ED1}.Release|Any CPU.Build.0 = Release|Any CPU
		{EBF0D2BC-B760-43DB-924A-E88E56E03F9A}.Debug|Any CPU.ActiveCfg = Debug|Any CPU
		{EBF0D2BC-B760-43DB-924A-E88E56E03F9A}.Debug|Any CPU.Build.0 = Debug|Any CPU
		{EBF0D2BC-B760-43DB-924A-E88E56E03F9A}.Release|Any CPU.ActiveCfg = Release|Any CPU
		{EBF0D2BC-B760-43DB-924A-E88E56E03F9A}.Release|Any CPU.Build.0 = Release|Any CPU
		{7712541A-C230-4663-9AC2-FC30259380D9}.Debug|Any CPU.ActiveCfg = Debug|Any CPU
		{7712541A-C230-4663-9AC2-FC30259380D9}.Debug|Any CPU.Build.0 = Debug|Any CPU
		{7712541A-C230-4663-9AC2-FC30259380D9}.Release|Any CPU.ActiveCfg = Release|Any CPU
		{7712541A-C230-4663-9AC2-FC30259380D9}.Release|Any CPU.Build.0 = Release|Any CPU
		{DEAC3B34-130D-4390-AB16-7E3A2703284D}.Debug|Any CPU.ActiveCfg = Debug|Any CPU
		{DEAC3B34-130D-4390-AB16-7E3A2703284D}.Debug|Any CPU.Build.0 = Debug|Any CPU
		{DEAC3B34-130D-4390-AB16-7E3A2703284D}.Release|Any CPU.ActiveCfg = Release|Any CPU
		{DEAC3B34-130D-4390-AB16-7E3A2703284D}.Release|Any CPU.Build.0 = Release|Any CPU
	EndGlobalSection
	GlobalSection(NestedProjects) = preSolution
		{1A5FFB1A-1CED-494A-817A-5CD02515D5BB} = {DA624339-C037-4E6B-8509-F7B5368005D9}
		{9FD2E7FD-3814-4953-AB49-D7E452CCC948} = {DA624339-C037-4E6B-8509-F7B5368005D9}
		{9EC359EE-4A0A-46FE-8FA6-9FE093C2EE4E} = {DA624339-C037-4E6B-8509-F7B5368005D9}
		{C2B2204D-0FDD-4DAA-A7AE-7542E9C5E6FB} = {DA624339-C037-4E6B-8509-F7B5368005D9}
		{93CBD3B7-294B-4833-88AF-A7CE7C580ED1} = {DA624339-C037-4E6B-8509-F7B5368005D9}
		{EBF0D2BC-B760-43DB-924A-E88E56E03F9A} = {DA624339-C037-4E6B-8509-F7B5368005D9}
		{7712541A-C230-4663-9AC2-FC30259380D9} = {DA624339-C037-4E6B-8509-F7B5368005D9}
		{DEAC3B34-130D-4390-AB16-7E3A2703284D} = {A68114C3-F6F6-44CE-824C-B6F09DFB1320}
	EndGlobalSection
EndGlobal
